{
  "version": 4,
  "terraform_version": "1.5.7",
  "serial": 256,
  "lineage": "e6039436-4f24-d716-6e58-5e045fadc91f",
  "outputs": {},
  "resources": [
    {
      "mode": "managed",
      "type": "aws_cloudwatch_event_rule",
      "name": "start_ec2_instances",
      "provider": "provider[\"registry.terraform.io/hashicorp/aws\"]",
      "instances": [
        {
          "schema_version": 0,
          "attributes": {
            "arn": "arn:aws:events:us-east-1:576361604876:rule/start_ec2_instances",
            "description": "Starts stopped EC2 instances at 08:00",
            "event_bus_name": "default",
            "event_pattern": null,
            "id": "start_ec2_instances",
            "is_enabled": true,
            "name": "start_ec2_instances",
            "name_prefix": "",
            "role_arn": "",
            "schedule_expression": "cron(56 14 * * ? *)",
            "tags": {},
            "tags_all": {}
          },
          "sensitive_attributes": [],
          "private": "bnVsbA=="
        }
      ]
    },
    {
      "mode": "managed",
      "type": "aws_cloudwatch_event_rule",
      "name": "stop_ec2_instances",
      "provider": "provider[\"registry.terraform.io/hashicorp/aws\"]",
      "instances": [
        {
          "schema_version": 0,
          "attributes": {
            "arn": "arn:aws:events:us-east-1:576361604876:rule/stop_ec2_instances",
            "description": "Stops running EC2 instances at 18:00",
            "event_bus_name": "default",
            "event_pattern": null,
            "id": "stop_ec2_instances",
            "is_enabled": true,
            "name": "stop_ec2_instances",
            "name_prefix": "",
            "role_arn": "",
            "schedule_expression": "cron(1 15 * * ? *)",
            "tags": {},
            "tags_all": {}
          },
          "sensitive_attributes": [],
          "private": "bnVsbA=="
        }
      ]
    }
  ],
  "check_results": null
}
